// !$*UTF8*$!
{
	archiveVersion = 1;
	classes = {
	};
	objectVersion = 46;
	objects = {

/* Begin PBXBuildFile section */
		854031D83F32433D8CB29CA9 /* Pods.framework in Frameworks */ = {isa = PBXBuildFile; fileRef = 02DF898672BDF7851B429A59 /* Pods.framework */; settings = {ATTRIBUTES = (Weak, ); }; };
		9E3471B3F475AE3EA07B5248 /* Pods_EmojiKeyBoard.framework in Frameworks */ = {isa = PBXBuildFile; fileRef = AEAF2C01CE36B9CCE9BA1631 /* Pods_EmojiKeyBoard.framework */; settings = {ATTRIBUTES = (Weak, ); }; };
		C424FB691AA2EBDF004232C4 /* MyKeyboardButton.swift in Sources */ = {isa = PBXBuildFile; fileRef = C424FB681AA2EBDF004232C4 /* MyKeyboardButton.swift */; };
		C42E1D801AB423B600435F72 /* UIReturnKeyType+Description.swift in Sources */ = {isa = PBXBuildFile; fileRef = C42E1D7F1AB423B600435F72 /* UIReturnKeyType+Description.swift */; };
		C438A28F1AA5A34900A72436 /* EmojiKeyboardViewController.swift in Sources */ = {isa = PBXBuildFile; fileRef = C438A28E1AA5A34900A72436 /* EmojiKeyboardViewController.swift */; };
		C43ADEAF1AA48C85000E693E /* CategoryScrollView.swift in Sources */ = {isa = PBXBuildFile; fileRef = C43ADEAE1AA48C85000E693E /* CategoryScrollView.swift */; };
		C45D2B5E1A8127D40002B5F5 /* TestCV.mm in Sources */ = {isa = PBXBuildFile; fileRef = C45D2B5D1A8127D40002B5F5 /* TestCV.mm */; };
		C4741B051AA60D3100F5352E /* HandwriteViewController.swift in Sources */ = {isa = PBXBuildFile; fileRef = C4741B041AA60D3100F5352E /* HandwriteViewController.swift */; };
		C486875F1AA35F9F00C35D4B /* AudioToolbox.framework in Frameworks */ = {isa = PBXBuildFile; fileRef = C486875E1AA35F9F00C35D4B /* AudioToolbox.framework */; };
		C488522A1A90D93700AB025A /* CandidateScrollView.swift in Sources */ = {isa = PBXBuildFile; fileRef = C48852291A90D93700AB025A /* CandidateScrollView.swift */; };
		C48D5B211A495B2A00F0F14C /* AppDelegate.swift in Sources */ = {isa = PBXBuildFile; fileRef = C48D5B201A495B2A00F0F14C /* AppDelegate.swift */; };
		C48D5B231A495B2A00F0F14C /* ViewController.swift in Sources */ = {isa = PBXBuildFile; fileRef = C48D5B221A495B2A00F0F14C /* ViewController.swift */; };
		C48D5B261A495B2A00F0F14C /* Main.storyboard in Resources */ = {isa = PBXBuildFile; fileRef = C48D5B241A495B2A00F0F14C /* Main.storyboard */; };
		C48D5B281A495B2A00F0F14C /* Images.xcassets in Resources */ = {isa = PBXBuildFile; fileRef = C48D5B271A495B2A00F0F14C /* Images.xcassets */; };
		C48D5B2B1A495B2A00F0F14C /* LaunchScreen.xib in Resources */ = {isa = PBXBuildFile; fileRef = C48D5B291A495B2A00F0F14C /* LaunchScreen.xib */; };
		C48D5B371A495B2A00F0F14C /* Emoji_IMETests.swift in Sources */ = {isa = PBXBuildFile; fileRef = C48D5B361A495B2A00F0F14C /* Emoji_IMETests.swift */; };
		C48D5B491A495C0D00F0F14C /* KeyboardViewController.swift in Sources */ = {isa = PBXBuildFile; fileRef = C48D5B481A495C0D00F0F14C /* KeyboardViewController.swift */; };
		C48D5B4C1A495C0D00F0F14C /* EmojiKeyBoard.appex in Embed App Extensions */ = {isa = PBXBuildFile; fileRef = C48D5B441A495C0C00F0F14C /* EmojiKeyBoard.appex */; settings = {ATTRIBUTES = (RemoveHeadersOnCopy, ); }; };
		C491B6121AA75981009DB900 /* EmojiFaceManager.swift in Sources */ = {isa = PBXBuildFile; fileRef = C491B6111AA75981009DB900 /* EmojiFaceManager.swift */; };
		C4C7C3DB1A5051070095D7D0 /* CanvesView.swift in Sources */ = {isa = PBXBuildFile; fileRef = C4C7C3DA1A5051070095D7D0 /* CanvesView.swift */; };
		C4EC1FFA1A8BA1F600511ADB /* trainClass.bmp in Resources */ = {isa = PBXBuildFile; fileRef = C4EC1FF81A8BA1F600511ADB /* trainClass.bmp */; };
		C4EC1FFB1A8BA1F600511ADB /* trainData.bmp in Resources */ = {isa = PBXBuildFile; fileRef = C4EC1FF91A8BA1F600511ADB /* trainData.bmp */; };
/* End PBXBuildFile section */

/* Begin PBXContainerItemProxy section */
		C48D5B311A495B2A00F0F14C /* PBXContainerItemProxy */ = {
			isa = PBXContainerItemProxy;
			containerPortal = C48D5B131A495B2A00F0F14C /* Project object */;
			proxyType = 1;
			remoteGlobalIDString = C48D5B1A1A495B2A00F0F14C;
			remoteInfo = "Emoji-IME";
		};
		C48D5B4A1A495C0D00F0F14C /* PBXContainerItemProxy */ = {
			isa = PBXContainerItemProxy;
			containerPortal = C48D5B131A495B2A00F0F14C /* Project object */;
			proxyType = 1;
			remoteGlobalIDString = C48D5B431A495C0C00F0F14C;
			remoteInfo = EmojiKeyBoard;
		};
/* End PBXContainerItemProxy section */

/* Begin PBXCopyFilesBuildPhase section */
		C48D5B501A495C0D00F0F14C /* Embed App Extensions */ = {
			isa = PBXCopyFilesBuildPhase;
			buildActionMask = 2147483647;
			dstPath = "";
			dstSubfolderSpec = 13;
			files = (
				C48D5B4C1A495C0D00F0F14C /* EmojiKeyBoard.appex in Embed App Extensions */,
			);
			name = "Embed App Extensions";
			runOnlyForDeploymentPostprocessing = 0;
		};
/* End PBXCopyFilesBuildPhase section */

/* Begin PBXFileReference section */
		02DF898672BDF7851B429A59 /* Pods.framework */ = {isa = PBXFileReference; explicitFileType = wrapper.framework; includeInIndex = 0; path = Pods.framework; sourceTree = BUILT_PRODUCTS_DIR; };
		35A0DEC4665B5914D990DD8F /* Pods.debug.xcconfig */ = {isa = PBXFileReference; includeInIndex = 1; lastKnownFileType = text.xcconfig; name = Pods.debug.xcconfig; path = "Pods/Target Support Files/Pods/Pods.debug.xcconfig"; sourceTree = "<group>"; };
		8758421959FF9B4FF615F64A /* Pods-EmojiKeyBoard.debug.xcconfig */ = {isa = PBXFileReference; includeInIndex = 1; lastKnownFileType = text.xcconfig; name = "Pods-EmojiKeyBoard.debug.xcconfig"; path = "Pods/Target Support Files/Pods-EmojiKeyBoard/Pods-EmojiKeyBoard.debug.xcconfig"; sourceTree = "<group>"; };
		AB7809260DDA2F3A63DEC3A6 /* Pods.release.xcconfig */ = {isa = PBXFileReference; includeInIndex = 1; lastKnownFileType = text.xcconfig; name = Pods.release.xcconfig; path = "Pods/Target Support Files/Pods/Pods.release.xcconfig"; sourceTree = "<group>"; };
		AEAF2C01CE36B9CCE9BA1631 /* Pods_EmojiKeyBoard.framework */ = {isa = PBXFileReference; explicitFileType = wrapper.framework; includeInIndex = 0; path = Pods_EmojiKeyBoard.framework; sourceTree = BUILT_PRODUCTS_DIR; };
		C424FB681AA2EBDF004232C4 /* MyKeyboardButton.swift */ = {isa = PBXFileReference; fileEncoding = 4; lastKnownFileType = sourcecode.swift; path = MyKeyboardButton.swift; sourceTree = "<group>"; };
		C42E1D7F1AB423B600435F72 /* UIReturnKeyType+Description.swift */ = {isa = PBXFileReference; fileEncoding = 4; lastKnownFileType = sourcecode.swift; path = "UIReturnKeyType+Description.swift"; sourceTree = "<group>"; };
		C438A28E1AA5A34900A72436 /* EmojiKeyboardViewController.swift */ = {isa = PBXFileReference; fileEncoding = 4; lastKnownFileType = sourcecode.swift; path = EmojiKeyboardViewController.swift; sourceTree = "<group>"; };
		C43ADEAE1AA48C85000E693E /* CategoryScrollView.swift */ = {isa = PBXFileReference; fileEncoding = 4; lastKnownFileType = sourcecode.swift; path = CategoryScrollView.swift; sourceTree = "<group>"; };
		C45D2B5B1A8127D30002B5F5 /* EmojiKeyBoard-Bridging-Header.h */ = {isa = PBXFileReference; lastKnownFileType = sourcecode.c.h; path = "EmojiKeyBoard-Bridging-Header.h"; sourceTree = "<group>"; };
		C45D2B5C1A8127D40002B5F5 /* TestCV.h */ = {isa = PBXFileReference; fileEncoding = 4; lastKnownFileType = sourcecode.c.h; path = TestCV.h; sourceTree = "<group>"; };
		C45D2B5D1A8127D40002B5F5 /* TestCV.mm */ = {isa = PBXFileReference; fileEncoding = 4; lastKnownFileType = sourcecode.cpp.objcpp; path = TestCV.mm; sourceTree = "<group>"; };
		C4741B041AA60D3100F5352E /* HandwriteViewController.swift */ = {isa = PBXFileReference; fileEncoding = 4; lastKnownFileType = sourcecode.swift; path = HandwriteViewController.swift; sourceTree = "<group>"; };
		C486875E1AA35F9F00C35D4B /* AudioToolbox.framework */ = {isa = PBXFileReference; lastKnownFileType = wrapper.framework; name = AudioToolbox.framework; path = System/Library/Frameworks/AudioToolbox.framework; sourceTree = SDKROOT; };
		C48852291A90D93700AB025A /* CandidateScrollView.swift */ = {isa = PBXFileReference; fileEncoding = 4; lastKnownFileType = sourcecode.swift; path = CandidateScrollView.swift; sourceTree = "<group>"; };
		C48D5B1B1A495B2A00F0F14C /* Emoji-IME.app */ = {isa = PBXFileReference; explicitFileType = wrapper.application; includeInIndex = 0; path = "Emoji-IME.app"; sourceTree = BUILT_PRODUCTS_DIR; };
		C48D5B1F1A495B2A00F0F14C /* Info.plist */ = {isa = PBXFileReference; lastKnownFileType = text.plist.xml; path = Info.plist; sourceTree = "<group>"; };
		C48D5B201A495B2A00F0F14C /* AppDelegate.swift */ = {isa = PBXFileReference; lastKnownFileType = sourcecode.swift; path = AppDelegate.swift; sourceTree = "<group>"; };
		C48D5B221A495B2A00F0F14C /* ViewController.swift */ = {isa = PBXFileReference; lastKnownFileType = sourcecode.swift; path = ViewController.swift; sourceTree = "<group>"; };
		C48D5B251A495B2A00F0F14C /* Base */ = {isa = PBXFileReference; lastKnownFileType = file.storyboard; name = Base; path = Base.lproj/Main.storyboard; sourceTree = "<group>"; };
		C48D5B271A495B2A00F0F14C /* Images.xcassets */ = {isa = PBXFileReference; lastKnownFileType = folder.assetcatalog; path = Images.xcassets; sourceTree = "<group>"; };
		C48D5B2A1A495B2A00F0F14C /* Base */ = {isa = PBXFileReference; lastKnownFileType = file.xib; name = Base; path = Base.lproj/LaunchScreen.xib; sourceTree = "<group>"; };
		C48D5B301A495B2A00F0F14C /* Emoji-IMETests.xctest */ = {isa = PBXFileReference; explicitFileType = wrapper.cfbundle; includeInIndex = 0; path = "Emoji-IMETests.xctest"; sourceTree = BUILT_PRODUCTS_DIR; };
		C48D5B351A495B2A00F0F14C /* Info.plist */ = {isa = PBXFileReference; lastKnownFileType = text.plist.xml; path = Info.plist; sourceTree = "<group>"; };
		C48D5B361A495B2A00F0F14C /* Emoji_IMETests.swift */ = {isa = PBXFileReference; lastKnownFileType = sourcecode.swift; path = Emoji_IMETests.swift; sourceTree = "<group>"; };
		C48D5B441A495C0C00F0F14C /* EmojiKeyBoard.appex */ = {isa = PBXFileReference; explicitFileType = "wrapper.app-extension"; includeInIndex = 0; path = EmojiKeyBoard.appex; sourceTree = BUILT_PRODUCTS_DIR; };
		C48D5B471A495C0D00F0F14C /* Info.plist */ = {isa = PBXFileReference; lastKnownFileType = text.plist.xml; path = Info.plist; sourceTree = "<group>"; };
		C48D5B481A495C0D00F0F14C /* KeyboardViewController.swift */ = {isa = PBXFileReference; lastKnownFileType = sourcecode.swift; path = KeyboardViewController.swift; sourceTree = "<group>"; };
		C491B6111AA75981009DB900 /* EmojiFaceManager.swift */ = {isa = PBXFileReference; fileEncoding = 4; lastKnownFileType = sourcecode.swift; path = EmojiFaceManager.swift; sourceTree = "<group>"; };
		C4C7C3DA1A5051070095D7D0 /* CanvesView.swift */ = {isa = PBXFileReference; fileEncoding = 4; lastKnownFileType = sourcecode.swift; path = CanvesView.swift; sourceTree = "<group>"; };
		C4EC1FF81A8BA1F600511ADB /* trainClass.bmp */ = {isa = PBXFileReference; lastKnownFileType = image.bmp; path = trainClass.bmp; sourceTree = "<group>"; };
		C4EC1FF91A8BA1F600511ADB /* trainData.bmp */ = {isa = PBXFileReference; lastKnownFileType = image.bmp; path = trainData.bmp; sourceTree = "<group>"; };
		CC414A33F6782A86A19FADA4 /* Pods-EmojiKeyBoard.release.xcconfig */ = {isa = PBXFileReference; includeInIndex = 1; lastKnownFileType = text.xcconfig; name = "Pods-EmojiKeyBoard.release.xcconfig"; path = "Pods/Target Support Files/Pods-EmojiKeyBoard/Pods-EmojiKeyBoard.release.xcconfig"; sourceTree = "<group>"; };
/* End PBXFileReference section */

/* Begin PBXFrameworksBuildPhase section */
		C48D5B181A495B2A00F0F14C /* Frameworks */ = {
			isa = PBXFrameworksBuildPhase;
			buildActionMask = 2147483647;
			files = (
				854031D83F32433D8CB29CA9 /* Pods.framework in Frameworks */,
			);
			runOnlyForDeploymentPostprocessing = 0;
		};
		C48D5B2D1A495B2A00F0F14C /* Frameworks */ = {
			isa = PBXFrameworksBuildPhase;
			buildActionMask = 2147483647;
			files = (
			);
			runOnlyForDeploymentPostprocessing = 0;
		};
		C48D5B411A495C0C00F0F14C /* Frameworks */ = {
			isa = PBXFrameworksBuildPhase;
			buildActionMask = 2147483647;
			files = (
				C486875F1AA35F9F00C35D4B /* AudioToolbox.framework in Frameworks */,
				9E3471B3F475AE3EA07B5248 /* Pods_EmojiKeyBoard.framework in Frameworks */,
			);
			runOnlyForDeploymentPostprocessing = 0;
		};
/* End PBXFrameworksBuildPhase section */

/* Begin PBXGroup section */
		233B0407037AB47442967C27 /* Pods */ = {
			isa = PBXGroup;
			children = (
				8758421959FF9B4FF615F64A /* Pods-EmojiKeyBoard.debug.xcconfig */,
				CC414A33F6782A86A19FADA4 /* Pods-EmojiKeyBoard.release.xcconfig */,
				35A0DEC4665B5914D990DD8F /* Pods.debug.xcconfig */,
				AB7809260DDA2F3A63DEC3A6 /* Pods.release.xcconfig */,
			);
			name = Pods;
			sourceTree = "<group>";
		};
		B9452BBBA79B9DB36AE3A71D /* Frameworks */ = {
			isa = PBXGroup;
			children = (
				C486875E1AA35F9F00C35D4B /* AudioToolbox.framework */,
				02DF898672BDF7851B429A59 /* Pods.framework */,
				AEAF2C01CE36B9CCE9BA1631 /* Pods_EmojiKeyBoard.framework */,
			);
			name = Frameworks;
			sourceTree = "<group>";
		};
		C48D5B121A495B2A00F0F14C = {
			isa = PBXGroup;
			children = (
				C48D5B1D1A495B2A00F0F14C /* Emoji-IME */,
				C48D5B331A495B2A00F0F14C /* Emoji-IMETests */,
				C48D5B451A495C0D00F0F14C /* EmojiKeyBoard */,
				C48D5B1C1A495B2A00F0F14C /* Products */,
				233B0407037AB47442967C27 /* Pods */,
				B9452BBBA79B9DB36AE3A71D /* Frameworks */,
			);
			sourceTree = "<group>";
		};
		C48D5B1C1A495B2A00F0F14C /* Products */ = {
			isa = PBXGroup;
			children = (
				C48D5B1B1A495B2A00F0F14C /* Emoji-IME.app */,
				C48D5B301A495B2A00F0F14C /* Emoji-IMETests.xctest */,
				C48D5B441A495C0C00F0F14C /* EmojiKeyBoard.appex */,
			);
			name = Products;
			sourceTree = "<group>";
		};
		C48D5B1D1A495B2A00F0F14C /* Emoji-IME */ = {
			isa = PBXGroup;
			children = (
				C48D5B201A495B2A00F0F14C /* AppDelegate.swift */,
				C48D5B221A495B2A00F0F14C /* ViewController.swift */,
				C48D5B241A495B2A00F0F14C /* Main.storyboard */,
				C48D5B271A495B2A00F0F14C /* Images.xcassets */,
				C48D5B291A495B2A00F0F14C /* LaunchScreen.xib */,
				C48D5B1E1A495B2A00F0F14C /* Supporting Files */,
			);
			path = "Emoji-IME";
			sourceTree = "<group>";
		};
		C48D5B1E1A495B2A00F0F14C /* Supporting Files */ = {
			isa = PBXGroup;
			children = (
				C48D5B1F1A495B2A00F0F14C /* Info.plist */,
			);
			name = "Supporting Files";
			sourceTree = "<group>";
		};
		C48D5B331A495B2A00F0F14C /* Emoji-IMETests */ = {
			isa = PBXGroup;
			children = (
				C48D5B361A495B2A00F0F14C /* Emoji_IMETests.swift */,
				C48D5B341A495B2A00F0F14C /* Supporting Files */,
			);
			path = "Emoji-IMETests";
			sourceTree = "<group>";
		};
		C48D5B341A495B2A00F0F14C /* Supporting Files */ = {
			isa = PBXGroup;
			children = (
				C48D5B351A495B2A00F0F14C /* Info.plist */,
			);
			name = "Supporting Files";
			sourceTree = "<group>";
		};
		C48D5B451A495C0D00F0F14C /* EmojiKeyBoard */ = {
			isa = PBXGroup;
			children = (
				C43ADEAE1AA48C85000E693E /* CategoryScrollView.swift */,
				C48852291A90D93700AB025A /* CandidateScrollView.swift */,
				C4C7C3DA1A5051070095D7D0 /* CanvesView.swift */,
				C491B6111AA75981009DB900 /* EmojiFaceManager.swift */,
				C45D2B5B1A8127D30002B5F5 /* EmojiKeyBoard-Bridging-Header.h */,
				C438A28E1AA5A34900A72436 /* EmojiKeyboardViewController.swift */,
				C4741B041AA60D3100F5352E /* HandwriteViewController.swift */,
				C48D5B481A495C0D00F0F14C /* KeyboardViewController.swift */,
				C424FB681AA2EBDF004232C4 /* MyKeyboardButton.swift */,
				C42E1D7F1AB423B600435F72 /* UIReturnKeyType+Description.swift */,
				C45D2B5C1A8127D40002B5F5 /* TestCV.h */,
				C45D2B5D1A8127D40002B5F5 /* TestCV.mm */,
				C48D5B461A495C0D00F0F14C /* Supporting Files */,
			);
			path = EmojiKeyBoard;
			sourceTree = "<group>";
		};
		C48D5B461A495C0D00F0F14C /* Supporting Files */ = {
			isa = PBXGroup;
			children = (
				C4EC1FF81A8BA1F600511ADB /* trainClass.bmp */,
				C4EC1FF91A8BA1F600511ADB /* trainData.bmp */,
				C48D5B471A495C0D00F0F14C /* Info.plist */,
			);
			name = "Supporting Files";
			sourceTree = "<group>";
		};
/* End PBXGroup section */

/* Begin PBXNativeTarget section */
		C48D5B1A1A495B2A00F0F14C /* Emoji-IME */ = {
			isa = PBXNativeTarget;
			buildConfigurationList = C48D5B3A1A495B2A00F0F14C /* Build configuration list for PBXNativeTarget "Emoji-IME" */;
			buildPhases = (
				E54937569442577418EAABBA /* Check Pods Manifest.lock */,
				C48D5B171A495B2A00F0F14C /* Sources */,
				C48D5B181A495B2A00F0F14C /* Frameworks */,
				C48D5B191A495B2A00F0F14C /* Resources */,
				C48D5B501A495C0D00F0F14C /* Embed App Extensions */,
				A9AE83F1AADAB812F66C1F1B /* Copy Pods Resources */,
				5A331FE972982B52E99DBBA4 /* Embed Pods Frameworks */,
			);
			buildRules = (
			);
			dependencies = (
				C48D5B4B1A495C0D00F0F14C /* PBXTargetDependency */,
			);
			name = "Emoji-IME";
			productName = "Emoji-IME";
			productReference = C48D5B1B1A495B2A00F0F14C /* Emoji-IME.app */;
			productType = "com.apple.product-type.application";
		};
		C48D5B2F1A495B2A00F0F14C /* Emoji-IMETests */ = {
			isa = PBXNativeTarget;
			buildConfigurationList = C48D5B3D1A495B2A00F0F14C /* Build configuration list for PBXNativeTarget "Emoji-IMETests" */;
			buildPhases = (
				C48D5B2C1A495B2A00F0F14C /* Sources */,
				C48D5B2D1A495B2A00F0F14C /* Frameworks */,
				C48D5B2E1A495B2A00F0F14C /* Resources */,
			);
			buildRules = (
			);
			dependencies = (
				C48D5B321A495B2A00F0F14C /* PBXTargetDependency */,
			);
			name = "Emoji-IMETests";
			productName = "Emoji-IMETests";
			productReference = C48D5B301A495B2A00F0F14C /* Emoji-IMETests.xctest */;
			productType = "com.apple.product-type.bundle.unit-test";
		};
		C48D5B431A495C0C00F0F14C /* EmojiKeyBoard */ = {
			isa = PBXNativeTarget;
			buildConfigurationList = C48D5B4D1A495C0D00F0F14C /* Build configuration list for PBXNativeTarget "EmojiKeyBoard" */;
			buildPhases = (
				A8EE757B2B781A0F2228D2E2 /* Check Pods Manifest.lock */,
				C48D5B401A495C0C00F0F14C /* Sources */,
				C48D5B411A495C0C00F0F14C /* Frameworks */,
				C48D5B421A495C0C00F0F14C /* Resources */,
				8003CE9EA570B038ADDAD395 /* Copy Pods Resources */,
				DF8C0D7F26970040C54A4066 /* Embed Pods Frameworks */,
			);
			buildRules = (
			);
			dependencies = (
			);
			name = EmojiKeyBoard;
			productName = EmojiKeyBoard;
			productReference = C48D5B441A495C0C00F0F14C /* EmojiKeyBoard.appex */;
			productType = "com.apple.product-type.app-extension";
		};
/* End PBXNativeTarget section */

/* Begin PBXProject section */
		C48D5B131A495B2A00F0F14C /* Project object */ = {
			isa = PBXProject;
			attributes = {
				LastUpgradeCheck = 0610;
				ORGANIZATIONNAME = wua;
				TargetAttributes = {
					C48D5B1A1A495B2A00F0F14C = {
						CreatedOnToolsVersion = 6.1.1;
					};
					C48D5B2F1A495B2A00F0F14C = {
						CreatedOnToolsVersion = 6.1.1;
						TestTargetID = C48D5B1A1A495B2A00F0F14C;
					};
					C48D5B431A495C0C00F0F14C = {
						CreatedOnToolsVersion = 6.1.1;
					};
				};
			};
			buildConfigurationList = C48D5B161A495B2A00F0F14C /* Build configuration list for PBXProject "Emoji-IME" */;
			compatibilityVersion = "Xcode 3.2";
			developmentRegion = English;
			hasScannedForEncodings = 0;
			knownRegions = (
				en,
				Base,
			);
			mainGroup = C48D5B121A495B2A00F0F14C;
			productRefGroup = C48D5B1C1A495B2A00F0F14C /* Products */;
			projectDirPath = "";
			projectRoot = "";
			targets = (
				C48D5B1A1A495B2A00F0F14C /* Emoji-IME */,
				C48D5B2F1A495B2A00F0F14C /* Emoji-IMETests */,
				C48D5B431A495C0C00F0F14C /* EmojiKeyBoard */,
			);
		};
/* End PBXProject section */

/* Begin PBXResourcesBuildPhase section */
		C48D5B191A495B2A00F0F14C /* Resources */ = {
			isa = PBXResourcesBuildPhase;
			buildActionMask = 2147483647;
			files = (
				C48D5B261A495B2A00F0F14C /* Main.storyboard in Resources */,
				C48D5B2B1A495B2A00F0F14C /* LaunchScreen.xib in Resources */,
				C48D5B281A495B2A00F0F14C /* Images.xcassets in Resources */,
			);
			runOnlyForDeploymentPostprocessing = 0;
		};
		C48D5B2E1A495B2A00F0F14C /* Resources */ = {
			isa = PBXResourcesBuildPhase;
			buildActionMask = 2147483647;
			files = (
			);
			runOnlyForDeploymentPostprocessing = 0;
		};
		C48D5B421A495C0C00F0F14C /* Resources */ = {
			isa = PBXResourcesBuildPhase;
			buildActionMask = 2147483647;
			files = (
				C4EC1FFB1A8BA1F600511ADB /* trainData.bmp in Resources */,
				C4EC1FFA1A8BA1F600511ADB /* trainClass.bmp in Resources */,
			);
			runOnlyForDeploymentPostprocessing = 0;
		};
/* End PBXResourcesBuildPhase section */

/* Begin PBXShellScriptBuildPhase section */
		5A331FE972982B52E99DBBA4 /* Embed Pods Frameworks */ = {
			isa = PBXShellScriptBuildPhase;
			buildActionMask = 2147483647;
			files = (
			);
			inputPaths = (
			);
			name = "Embed Pods Frameworks";
			outputPaths = (
			);
			runOnlyForDeploymentPostprocessing = 0;
			shellPath = /bin/sh;
			shellScript = "\"${SRCROOT}/Pods/Target Support Files/Pods/Pods-frameworks.sh\"\n";
			showEnvVarsInLog = 0;
		};
		8003CE9EA570B038ADDAD395 /* Copy Pods Resources */ = {
			isa = PBXShellScriptBuildPhase;
			buildActionMask = 2147483647;
			files = (
			);
			inputPaths = (
			);
			name = "Copy Pods Resources";
			outputPaths = (
			);
			runOnlyForDeploymentPostprocessing = 0;
			shellPath = /bin/sh;
			shellScript = "\"${SRCROOT}/Pods/Target Support Files/Pods-EmojiKeyBoard/Pods-EmojiKeyBoard-resources.sh\"\n";
			showEnvVarsInLog = 0;
		};
		A8EE757B2B781A0F2228D2E2 /* Check Pods Manifest.lock */ = {
			isa = PBXShellScriptBuildPhase;
			buildActionMask = 2147483647;
			files = (
			);
			inputPaths = (
			);
			name = "Check Pods Manifest.lock";
			outputPaths = (
			);
			runOnlyForDeploymentPostprocessing = 0;
			shellPath = /bin/sh;
			shellScript = "diff \"${PODS_ROOT}/../Podfile.lock\" \"${PODS_ROOT}/Manifest.lock\" > /dev/null\nif [[ $? != 0 ]] ; then\n    cat << EOM\nerror: The sandbox is not in sync with the Podfile.lock. Run 'pod install' or update your CocoaPods installation.\nEOM\n    exit 1\nfi\n";
			showEnvVarsInLog = 0;
		};
		A9AE83F1AADAB812F66C1F1B /* Copy Pods Resources */ = {
			isa = PBXShellScriptBuildPhase;
			buildActionMask = 2147483647;
			files = (
			);
			inputPaths = (
			);
			name = "Copy Pods Resources";
			outputPaths = (
			);
			runOnlyForDeploymentPostprocessing = 0;
			shellPath = /bin/sh;
			shellScript = "\"${SRCROOT}/Pods/Target Support Files/Pods/Pods-resources.sh\"\n";
			showEnvVarsInLog = 0;
		};
		DF8C0D7F26970040C54A4066 /* Embed Pods Frameworks */ = {
			isa = PBXShellScriptBuildPhase;
			buildActionMask = 2147483647;
			files = (
			);
			inputPaths = (
			);
			name = "Embed Pods Frameworks";
			outputPaths = (
			);
			runOnlyForDeploymentPostprocessing = 0;
			shellPath = /bin/sh;
			shellScript = "\"${SRCROOT}/Pods/Target Support Files/Pods-EmojiKeyBoard/Pods-EmojiKeyBoard-frameworks.sh\"\n";
			showEnvVarsInLog = 0;
		};
		E54937569442577418EAABBA /* Check Pods Manifest.lock */ = {
			isa = PBXShellScriptBuildPhase;
			buildActionMask = 2147483647;
			files = (
			);
			inputPaths = (
			);
			name = "Check Pods Manifest.lock";
			outputPaths = (
			);
			runOnlyForDeploymentPostprocessing = 0;
			shellPath = /bin/sh;
			shellScript = "diff \"${PODS_ROOT}/../Podfile.lock\" \"${PODS_ROOT}/Manifest.lock\" > /dev/null\nif [[ $? != 0 ]] ; then\n    cat << EOM\nerror: The sandbox is not in sync with the Podfile.lock. Run 'pod install' or update your CocoaPods installation.\nEOM\n    exit 1\nfi\n";
			showEnvVarsInLog = 0;
		};
/* End PBXShellScriptBuildPhase section */

/* Begin PBXSourcesBuildPhase section */
		C48D5B171A495B2A00F0F14C /* Sources */ = {
			isa = PBXSourcesBuildPhase;
			buildActionMask = 2147483647;
			files = (
				C48D5B231A495B2A00F0F14C /* ViewController.swift in Sources */,
				C48D5B211A495B2A00F0F14C /* AppDelegate.swift in Sources */,
			);
			runOnlyForDeploymentPostprocessing = 0;
		};
		C48D5B2C1A495B2A00F0F14C /* Sources */ = {
			isa = PBXSourcesBuildPhase;
			buildActionMask = 2147483647;
			files = (
				C48D5B371A495B2A00F0F14C /* Emoji_IMETests.swift in Sources */,
			);
			runOnlyForDeploymentPostprocessing = 0;
		};
		C48D5B401A495C0C00F0F14C /* Sources */ = {
			isa = PBXSourcesBuildPhase;
			buildActionMask = 2147483647;
			files = (
				C438A28F1AA5A34900A72436 /* EmojiKeyboardViewController.swift in Sources */,
				C424FB691AA2EBDF004232C4 /* MyKeyboardButton.swift in Sources */,
				C488522A1A90D93700AB025A /* CandidateScrollView.swift in Sources */,
				C4C7C3DB1A5051070095D7D0 /* CanvesView.swift in Sources */,
				C42E1D801AB423B600435F72 /* UIReturnKeyType+Description.swift in Sources */,
				C43ADEAF1AA48C85000E693E /* CategoryScrollView.swift in Sources */,
				C4741B051AA60D3100F5352E /* HandwriteViewController.swift in Sources */,
				C491B6121AA75981009DB900 /* EmojiFaceManager.swift in Sources */,
				C45D2B5E1A8127D40002B5F5 /* TestCV.mm in Sources */,
				C48D5B491A495C0D00F0F14C /* KeyboardViewController.swift in Sources */,
			);
			runOnlyForDeploymentPostprocessing = 0;
		};
/* End PBXSourcesBuildPhase section */

/* Begin PBXTargetDependency section */
		C48D5B321A495B2A00F0F14C /* PBXTargetDependency */ = {
			isa = PBXTargetDependency;
			target = C48D5B1A1A495B2A00F0F14C /* Emoji-IME */;
			targetProxy = C48D5B311A495B2A00F0F14C /* PBXContainerItemProxy */;
		};
		C48D5B4B1A495C0D00F0F14C /* PBXTargetDependency */ = {
			isa = PBXTargetDependency;
			target = C48D5B431A495C0C00F0F14C /* EmojiKeyBoard */;
			targetProxy = C48D5B4A1A495C0D00F0F14C /* PBXContainerItemProxy */;
		};
/* End PBXTargetDependency section */

/* Begin PBXVariantGroup section */
		C48D5B241A495B2A00F0F14C /* Main.storyboard */ = {
			isa = PBXVariantGroup;
			children = (
				C48D5B251A495B2A00F0F14C /* Base */,
			);
			name = Main.storyboard;
			sourceTree = "<group>";
		};
		C48D5B291A495B2A00F0F14C /* LaunchScreen.xib */ = {
			isa = PBXVariantGroup;
			children = (
				C48D5B2A1A495B2A00F0F14C /* Base */,
			);
			name = LaunchScreen.xib;
			sourceTree = "<group>";
		};
/* End PBXVariantGroup section */

/* Begin XCBuildConfiguration section */
		C48D5B381A495B2A00F0F14C /* Debug */ = {
			isa = XCBuildConfiguration;
			buildSettings = {
				ALWAYS_SEARCH_USER_PATHS = NO;
				CLANG_CXX_LANGUAGE_STANDARD = "gnu++0x";
				CLANG_CXX_LIBRARY = "libc++";
				CLANG_ENABLE_MODULES = YES;
				CLANG_ENABLE_OBJC_ARC = YES;
				CLANG_WARN_BOOL_CONVERSION = YES;
				CLANG_WARN_CONSTANT_CONVERSION = YES;
				CLANG_WARN_DIRECT_OBJC_ISA_USAGE = YES_ERROR;
				CLANG_WARN_EMPTY_BODY = YES;
				CLANG_WARN_ENUM_CONVERSION = YES;
				CLANG_WARN_INT_CONVERSION = YES;
				CLANG_WARN_OBJC_ROOT_CLASS = YES_ERROR;
				CLANG_WARN_UNREACHABLE_CODE = YES;
				CLANG_WARN__DUPLICATE_METHOD_MATCH = YES;
				"CODE_SIGN_IDENTITY[sdk=iphoneos*]" = "iPhone Developer";
				COPY_PHASE_STRIP = NO;
				ENABLE_STRICT_OBJC_MSGSEND = YES;
				GCC_C_LANGUAGE_STANDARD = gnu99;
				GCC_DYNAMIC_NO_PIC = NO;
				GCC_OPTIMIZATION_LEVEL = 0;
				GCC_PREPROCESSOR_DEFINITIONS = (
					"DEBUG=1",
					"$(inherited)",
				);
				GCC_SYMBOLS_PRIVATE_EXTERN = NO;
				GCC_WARN_64_TO_32_BIT_CONVERSION = YES;
				GCC_WARN_ABOUT_RETURN_TYPE = YES_ERROR;
				GCC_WARN_UNDECLARED_SELECTOR = YES;
				GCC_WARN_UNINITIALIZED_AUTOS = YES_AGGRESSIVE;
				GCC_WARN_UNUSED_FUNCTION = YES;
				GCC_WARN_UNUSED_VARIABLE = YES;
				IPHONEOS_DEPLOYMENT_TARGET = 8.1;
				MTL_ENABLE_DEBUG_INFO = YES;
				ONLY_ACTIVE_ARCH = YES;
				SDKROOT = iphoneos;
				SWIFT_OPTIMIZATION_LEVEL = "-Onone";
				TARGETED_DEVICE_FAMILY = "1,2";
			};
			name = Debug;
		};
		C48D5B391A495B2A00F0F14C /* Release */ = {
			isa = XCBuildConfiguration;
			buildSettings = {
				ALWAYS_SEARCH_USER_PATHS = NO;
				CLANG_CXX_LANGUAGE_STANDARD = "gnu++0x";
				CLANG_CXX_LIBRARY = "libc++";
				CLANG_ENABLE_MODULES = YES;
				CLANG_ENABLE_OBJC_ARC = YES;
				CLANG_WARN_BOOL_CONVERSION = YES;
				CLANG_WARN_CONSTANT_CONVERSION = YES;
				CLANG_WARN_DIRECT_OBJC_ISA_USAGE = YES_ERROR;
				CLANG_WARN_EMPTY_BODY = YES;
				CLANG_WARN_ENUM_CONVERSION = YES;
				CLANG_WARN_INT_CONVERSION = YES;
				CLANG_WARN_OBJC_ROOT_CLASS = YES_ERROR;
				CLANG_WARN_UNREACHABLE_CODE = YES;
				CLANG_WARN__DUPLICATE_METHOD_MATCH = YES;
				"CODE_SIGN_IDENTITY[sdk=iphoneos*]" = "iPhone Developer";
				COPY_PHASE_STRIP = YES;
				ENABLE_NS_ASSERTIONS = NO;
				ENABLE_STRICT_OBJC_MSGSEND = YES;
				GCC_C_LANGUAGE_STANDARD = gnu99;
				GCC_WARN_64_TO_32_BIT_CONVERSION = YES;
				GCC_WARN_ABOUT_RETURN_TYPE = YES_ERROR;
				GCC_WARN_UNDECLARED_SELECTOR = YES;
				GCC_WARN_UNINITIALIZED_AUTOS = YES_AGGRESSIVE;
				GCC_WARN_UNUSED_FUNCTION = YES;
				GCC_WARN_UNUSED_VARIABLE = YES;
				IPHONEOS_DEPLOYMENT_TARGET = 8.1;
				MTL_ENABLE_DEBUG_INFO = NO;
				SDKROOT = iphoneos;
				TARGETED_DEVICE_FAMILY = "1,2";
				VALIDATE_PRODUCT = YES;
			};
			name = Release;
		};
		C48D5B3B1A495B2A00F0F14C /* Debug */ = {
			isa = XCBuildConfiguration;
			baseConfigurationReference = 35A0DEC4665B5914D990DD8F /* Pods.debug.xcconfig */;
			buildSettings = {
				ASSETCATALOG_COMPILER_APPICON_NAME = AppIcon;
				EMBEDDED_CONTENT_CONTAINS_SWIFT = YES;
				INFOPLIST_FILE = "Emoji-IME/Info.plist";
				LD_RUNPATH_SEARCH_PATHS = "$(inherited) @executable_path/Frameworks";
				PRODUCT_NAME = "$(TARGET_NAME)";
			};
			name = Debug;
		};
		C48D5B3C1A495B2A00F0F14C /* Release */ = {
			isa = XCBuildConfiguration;
			baseConfigurationReference = AB7809260DDA2F3A63DEC3A6 /* Pods.release.xcconfig */;
			buildSettings = {
				ASSETCATALOG_COMPILER_APPICON_NAME = AppIcon;
				EMBEDDED_CONTENT_CONTAINS_SWIFT = YES;
				INFOPLIST_FILE = "Emoji-IME/Info.plist";
				LD_RUNPATH_SEARCH_PATHS = "$(inherited) @executable_path/Frameworks";
				PRODUCT_NAME = "$(TARGET_NAME)";
			};
			name = Release;
		};
		C48D5B3E1A495B2A00F0F14C /* Debug */ = {
			isa = XCBuildConfiguration;
			buildSettings = {
				BUNDLE_LOADER = "$(TEST_HOST)";
				FRAMEWORK_SEARCH_PATHS = (
					"$(SDKROOT)/Developer/Library/Frameworks",
					"$(inherited)",
				);
				GCC_PREPROCESSOR_DEFINITIONS = (
					"DEBUG=1",
					"$(inherited)",
				);
				INFOPLIST_FILE = "Emoji-IMETests/Info.plist";
				LD_RUNPATH_SEARCH_PATHS = "$(inherited) @executable_path/Frameworks @loader_path/Frameworks";
				PRODUCT_NAME = "$(TARGET_NAME)";
				TEST_HOST = "$(BUILT_PRODUCTS_DIR)/Emoji-IME.app/Emoji-IME";
			};
			name = Debug;
		};
		C48D5B3F1A495B2A00F0F14C /* Release */ = {
			isa = XCBuildConfiguration;
			buildSettings = {
				BUNDLE_LOADER = "$(TEST_HOST)";
				FRAMEWORK_SEARCH_PATHS = (
					"$(SDKROOT)/Developer/Library/Frameworks",
					"$(inherited)",
				);
				INFOPLIST_FILE = "Emoji-IMETests/Info.plist";
				LD_RUNPATH_SEARCH_PATHS = "$(inherited) @executable_path/Frameworks @loader_path/Frameworks";
				PRODUCT_NAME = "$(TARGET_NAME)";
				TEST_HOST = "$(BUILT_PRODUCTS_DIR)/Emoji-IME.app/Emoji-IME";
			};
			name = Release;
		};
		C48D5B4E1A495C0D00F0F14C /* Debug */ = {
			isa = XCBuildConfiguration;
			baseConfigurationReference = 8758421959FF9B4FF615F64A /* Pods-EmojiKeyBoard.debug.xcconfig */;
			buildSettings = {
				CLANG_ENABLE_MODULES = YES;
				GCC_PREPROCESSOR_DEFINITIONS = (
					"DEBUG=1",
					"$(inherited)",
				);
				INFOPLIST_FILE = EmojiKeyBoard/Info.plist;
				LD_RUNPATH_SEARCH_PATHS = "$(inherited) @executable_path/Frameworks @executable_path/../../Frameworks";
				PRODUCT_NAME = "$(TARGET_NAME)";
				SKIP_INSTALL = YES;
				SWIFT_OBJC_BRIDGING_HEADER = "EmojiKeyBoard/EmojiKeyBoard-Bridging-Header.h";
				SWIFT_OPTIMIZATION_LEVEL = "-Onone";
			};
			name = Debug;
		};
		C48D5B4F1A495C0D00F0F14C /* Release */ = {
			isa = XCBuildConfiguration;
			baseConfigurationReference = CC414A33F6782A86A19FADA4 /* Pods-EmojiKeyBoard.release.xcconfig */;
			buildSettings = {
				CLANG_ENABLE_MODULES = YES;
				INFOPLIST_FILE = EmojiKeyBoard/Info.plist;
				LD_RUNPATH_SEARCH_PATHS = "$(inherited) @executable_path/Frameworks @executable_path/../../Frameworks";
				PRODUCT_NAME = "$(TARGET_NAME)";
				SKIP_INSTALL = YES;
				SWIFT_OBJC_BRIDGING_HEADER = "EmojiKeyBoard/EmojiKeyBoard-Bridging-Header.h";
			};
			name = Release;
		};
/* End XCBuildConfiguration section */

/* Begin XCConfigurationList section */
		C48D5B161A495B2A00F0F14C /* Build configuration list for PBXProject "Emoji-IME" */ = {
			isa = XCConfigurationList;
			buildConfigurations = (
				C48D5B381A495B2A00F0F14C /* Debug */,
				C48D5B391A495B2A00F0F14C /* Release */,
			);
			defaultConfigurationIsVisible = 0;
			defaultConfigurationName = Release;
		};
		C48D5B3A1A495B2A00F0F14C /* Build configuration list for PBXNativeTarget "Emoji-IME" */ = {
			isa = XCConfigurationList;
			buildConfigurations = (
				C48D5B3B1A495B2A00F0F14C /* Debug */,
				C48D5B3C1A495B2A00F0F14C /* Release */,
			);
			defaultConfigurationIsVisible = 0;
			defaultConfigurationName = Release;
		};
		C48D5B3D1A495B2A00F0F14C /* Build configuration list for PBXNativeTarget "Emoji-IMETests" */ = {
			isa = XCConfigurationList;
			buildConfigurations = (
				C48D5B3E1A495B2A00F0F14C /* Debug */,
				C48D5B3F1A495B2A00F0F14C /* Release */,
			);
			defaultConfigurationIsVisible = 0;
			defaultConfigurationName = Release;
		};
		C48D5B4D1A495C0D00F0F14C /* Build configuration list for PBXNativeTarget "EmojiKeyBoard" */ = {
			isa = XCConfigurationList;
			buildConfigurations = (
				C48D5B4E1A495C0D00F0F14C /* Debug */,
				C48D5B4F1A495C0D00F0F14C /* Release */,
			);
			defaultConfigurationIsVisible = 0;
			defaultConfigurationName = Release;
		};
/* End XCConfigurationList section */
	};
	rootObject = C48D5B131A495B2A00F0F14C /* Project object */;
}
