// !$*UTF8*$!
{
	archiveVersion = 1;
	classes = {
	};
	objectVersion = 46;
	objects = {

/* Begin PBXBuildFile section */
		C48D5B211A495B2A00F0F14C /* AppDelegate.swift in Sources */ = {isa = PBXBuildFile; fileRef = C48D5B201A495B2A00F0F14C /* AppDelegate.swift */; };
		C48D5B231A495B2A00F0F14C /* ViewController.swift in Sources */ = {isa = PBXBuildFile; fileRef = C48D5B221A495B2A00F0F14C /* ViewController.swift */; };
		C48D5B261A495B2A00F0F14C /* Main.storyboard in Resources */ = {isa = PBXBuildFile; fileRef = C48D5B241A495B2A00F0F14C /* Main.storyboard */; };
		C48D5B281A495B2A00F0F14C /* Images.xcassets in Resources */ = {isa = PBXBuildFile; fileRef = C48D5B271A495B2A00F0F14C /* Images.xcassets */; };
		C48D5B2B1A495B2A00F0F14C /* LaunchScreen.xib in Resources */ = {isa = PBXBuildFile; fileRef = C48D5B291A495B2A00F0F14C /* LaunchScreen.xib */; };
		C48D5B371A495B2A00F0F14C /* Emoji_IMETests.swift in Sources */ = {isa = PBXBuildFile; fileRef = C48D5B361A495B2A00F0F14C /* Emoji_IMETests.swift */; };
/* End PBXBuildFile section */

/* Begin PBXContainerItemProxy section */
		C48D5B311A495B2A00F0F14C /* PBXContainerItemProxy */ = {
			isa = PBXContainerItemProxy;
			containerPortal = C48D5B131A495B2A00F0F14C /* Project object */;
			proxyType = 1;
			remoteGlobalIDString = C48D5B1A1A495B2A00F0F14C;
			remoteInfo = "Emoji-IME";
		};
/* End PBXContainerItemProxy section */

/* Begin PBXFileReference section */
		C48D5B1B1A495B2A00F0F14C /* Emoji-IME.app */ = {isa = PBXFileReference; explicitFileType = wrapper.application; includeInIndex = 0; path = "Emoji-IME.app"; sourceTree = BUILT_PRODUCTS_DIR; };
		C48D5B1F1A495B2A00F0F14C /* Info.plist */ = {isa = PBXFileReference; lastKnownFileType = text.plist.xml; path = Info.plist; sourceTree = "<group>"; };
		C48D5B201A495B2A00F0F14C /* AppDelegate.swift */ = {isa = PBXFileReference; lastKnownFileType = sourcecode.swift; path = AppDelegate.swift; sourceTree = "<group>"; };
		C48D5B221A495B2A00F0F14C /* ViewController.swift */ = {isa = PBXFileReference; lastKnownFileType = sourcecode.swift; path = ViewController.swift; sourceTree = "<group>"; };
		C48D5B251A495B2A00F0F14C /* Base */ = {isa = PBXFileReference; lastKnownFileType = file.storyboard; name = Base; path = Base.lproj/Main.storyboard; sourceTree = "<group>"; };
		C48D5B271A495B2A00F0F14C /* Images.xcassets */ = {isa = PBXFileReference; lastKnownFileType = folder.assetcatalog; path = Images.xcassets; sourceTree = "<group>"; };
		C48D5B2A1A495B2A00F0F14C /* Base */ = {isa = PBXFileReference; lastKnownFileType = file.xib; name = Base; path = Base.lproj/LaunchScreen.xib; sourceTree = "<group>"; };
		C48D5B301A495B2A00F0F14C /* Emoji-IMETests.xctest */ = {isa = PBXFileReference; explicitFileType = wrapper.cfbundle; includeInIndex = 0; path = "Emoji-IMETests.xctest"; sourceTree = BUILT_PRODUCTS_DIR; };
		C48D5B351A495B2A00F0F14C /* Info.plist */ = {isa = PBXFileReference; lastKnownFileType = text.plist.xml; path = Info.plist; sourceTree = "<group>"; };
		C48D5B361A495B2A00F0F14C /* Emoji_IMETests.swift */ = {isa = PBXFileReference; lastKnownFileType = sourcecode.swift; path = Emoji_IMETests.swift; sourceTree = "<group>"; };
/* End PBXFileReference section */

/* Begin PBXFrameworksBuildPhase section */
		C48D5B181A495B2A00F0F14C /* Frameworks */ = {
			isa = PBXFrameworksBuildPhase;
			buildActionMask = 2147483647;
			files = (
			);
			runOnlyForDeploymentPostprocessing = 0;
		};
		C48D5B2D1A495B2A00F0F14C /* Frameworks */ = {
			isa = PBXFrameworksBuildPhase;
			buildActionMask = 2147483647;
			files = (
			);
			runOnlyForDeploymentPostprocessing = 0;
		};
/* End PBXFrameworksBuildPhase section */

/* Begin PBXGroup section */
		C48D5B121A495B2A00F0F14C = {
			isa = PBXGroup;
			children = (
				C48D5B1D1A495B2A00F0F14C /* Emoji-IME */,
				C48D5B331A495B2A00F0F14C /* Emoji-IMETests */,
				C48D5B1C1A495B2A00F0F14C /* Products */,
			);
			sourceTree = "<group>";
		};
		C48D5B1C1A495B2A00F0F14C /* Products */ = {
			isa = PBXGroup;
			children = (
				C48D5B1B1A495B2A00F0F14C /* Emoji-IME.app */,
				C48D5B301A495B2A00F0F14C /* Emoji-IMETests.xctest */,
			);
			name = Products;
			sourceTree = "<group>";
		};
		C48D5B1D1A495B2A00F0F14C /* Emoji-IME */ = {
			isa = PBXGroup;
			children = (
				C48D5B201A495B2A00F0F14C /* AppDelegate.swift */,
				C48D5B221A495B2A00F0F14C /* ViewController.swift */,
				C48D5B241A495B2A00F0F14C /* Main.storyboard */,
				C48D5B271A495B2A00F0F14C /* Images.xcassets */,
				C48D5B291A495B2A00F0F14C /* LaunchScreen.xib */,
				C48D5B1E1A495B2A00F0F14C /* Supporting Files */,
			);
			path = "Emoji-IME";
			sourceTree = "<group>";
		};
		C48D5B1E1A495B2A00F0F14C /* Supporting Files */ = {
			isa = PBXGroup;
			children = (
				C48D5B1F1A495B2A00F0F14C /* Info.plist */,
			);
			name = "Supporting Files";
			sourceTree = "<group>";
		};
		C48D5B331A495B2A00F0F14C /* Emoji-IMETests */ = {
			isa = PBXGroup;
			children = (
				C48D5B361A495B2A00F0F14C /* Emoji_IMETests.swift */,
				C48D5B341A495B2A00F0F14C /* Supporting Files */,
			);
			path = "Emoji-IMETests";
			sourceTree = "<group>";
		};
		C48D5B341A495B2A00F0F14C /* Supporting Files */ = {
			isa = PBXGroup;
			children = (
				C48D5B351A495B2A00F0F14C /* Info.plist */,
			);
			name = "Supporting Files";
			sourceTree = "<group>";
		};
/* End PBXGroup section */

/* Begin PBXNativeTarget section */
		C48D5B1A1A495B2A00F0F14C /* Emoji-IME */ = {
			isa = PBXNativeTarget;
			buildConfigurationList = C48D5B3A1A495B2A00F0F14C /* Build configuration list for PBXNativeTarget "Emoji-IME" */;
			buildPhases = (
				C48D5B171A495B2A00F0F14C /* Sources */,
				C48D5B181A495B2A00F0F14C /* Frameworks */,
				C48D5B191A495B2A00F0F14C /* Resources */,
			);
			buildRules = (
			);
			dependencies = (
			);
			name = "Emoji-IME";
			productName = "Emoji-IME";
			productReference = C48D5B1B1A495B2A00F0F14C /* Emoji-IME.app */;
			productType = "com.apple.product-type.application";
		};
		C48D5B2F1A495B2A00F0F14C /* Emoji-IMETests */ = {
			isa = PBXNativeTarget;
			buildConfigurationList = C48D5B3D1A495B2A00F0F14C /* Build configuration list for PBXNativeTarget "Emoji-IMETests" */;
			buildPhases = (
				C48D5B2C1A495B2A00F0F14C /* Sources */,
				C48D5B2D1A495B2A00F0F14C /* Frameworks */,
				C48D5B2E1A495B2A00F0F14C /* Resources */,
			);
			buildRules = (
			);
			dependencies = (
				C48D5B321A495B2A00F0F14C /* PBXTargetDependency */,
			);
			name = "Emoji-IMETests";
			productName = "Emoji-IMETests";
			productReference = C48D5B301A495B2A00F0F14C /* Emoji-IMETests.xctest */;
			productType = "com.apple.product-type.bundle.unit-test";
		};
/* End PBXNativeTarget section */

/* Begin PBXProject section */
		C48D5B131A495B2A00F0F14C /* Project object */ = {
			isa = PBXProject;
			attributes = {
				LastUpgradeCheck = 0610;
				ORGANIZATIONNAME = wua;
				TargetAttributes = {
					C48D5B1A1A495B2A00F0F14C = {
						CreatedOnToolsVersion = 6.1.1;
					};
					C48D5B2F1A495B2A00F0F14C = {
						CreatedOnToolsVersion = 6.1.1;
						TestTargetID = C48D5B1A1A495B2A00F0F14C;
					};
				};
			};
			buildConfigurationList = C48D5B161A495B2A00F0F14C /* Build configuration list for PBXProject "Emoji-IME" */;
			compatibilityVersion = "Xcode 3.2";
			developmentRegion = English;
			hasScannedForEncodings = 0;
			knownRegions = (
				en,
				Base,
			);
			mainGroup = C48D5B121A495B2A00F0F14C;
			productRefGroup = C48D5B1C1A495B2A00F0F14C /* Products */;
			projectDirPath = "";
			projectRoot = "";
			targets = (
				C48D5B1A1A495B2A00F0F14C /* Emoji-IME */,
				C48D5B2F1A495B2A00F0F14C /* Emoji-IMETests */,
			);
		};
/* End PBXProject section */

/* Begin PBXResourcesBuildPhase section */
		C48D5B191A495B2A00F0F14C /* Resources */ = {
			isa = PBXResourcesBuildPhase;
			buildActionMask = 2147483647;
			files = (
				C48D5B261A495B2A00F0F14C /* Main.storyboard in Resources */,
				C48D5B2B1A495B2A00F0F14C /* LaunchScreen.xib in Resources */,
				C48D5B281A495B2A00F0F14C /* Images.xcassets in Resources */,
			);
			runOnlyForDeploymentPostprocessing = 0;
		};
		C48D5B2E1A495B2A00F0F14C /* Resources */ = {
			isa = PBXResourcesBuildPhase;
			buildActionMask = 2147483647;
			files = (
			);
			runOnlyForDeploymentPostprocessing = 0;
		};
/* End PBXResourcesBuildPhase section */

/* Begin PBXSourcesBuildPhase section */
		C48D5B171A495B2A00F0F14C /* Sources */ = {
			isa = PBXSourcesBuildPhase;
			buildActionMask = 2147483647;
			files = (
				C48D5B231A495B2A00F0F14C /* ViewController.swift in Sources */,
				C48D5B211A495B2A00F0F14C /* AppDelegate.swift in Sources */,
			);
			runOnlyForDeploymentPostprocessing = 0;
		};
		C48D5B2C1A495B2A00F0F14C /* Sources */ = {
			isa = PBXSourcesBuildPhase;
			buildActionMask = 2147483647;
			files = (
				C48D5B371A495B2A00F0F14C /* Emoji_IMETests.swift in Sources */,
			);
			runOnlyForDeploymentPostprocessing = 0;
		};
/* End PBXSourcesBuildPhase section */

/* Begin PBXTargetDependency section */
		C48D5B321A495B2A00F0F14C /* PBXTargetDependency */ = {
			isa = PBXTargetDependency;
			target = C48D5B1A1A495B2A00F0F14C /* Emoji-IME */;
			targetProxy = C48D5B311A495B2A00F0F14C /* PBXContainerItemProxy */;
		};
/* End PBXTargetDependency section */

/* Begin PBXVariantGroup section */
		C48D5B241A495B2A00F0F14C /* Main.storyboard */ = {
			isa = PBXVariantGroup;
			children = (
				C48D5B251A495B2A00F0F14C /* Base */,
			);
			name = Main.storyboard;
			sourceTree = "<group>";
		};
		C48D5B291A495B2A00F0F14C /* LaunchScreen.xib */ = {
			isa = PBXVariantGroup;
			children = (
				C48D5B2A1A495B2A00F0F14C /* Base */,
			);
			name = LaunchScreen.xib;
			sourceTree = "<group>";
		};
/* End PBXVariantGroup section */

/* Begin XCBuildConfiguration section */
		C48D5B381A495B2A00F0F14C /* Debug */ = {
			isa = XCBuildConfiguration;
			buildSettings = {
				ALWAYS_SEARCH_USER_PATHS = NO;
				CLANG_CXX_LANGUAGE_STANDARD = "gnu++0x";
				CLANG_CXX_LIBRARY = "libc++";
				CLANG_ENABLE_MODULES = YES;
				CLANG_ENABLE_OBJC_ARC = YES;
				CLANG_WARN_BOOL_CONVERSION = YES;
				CLANG_WARN_CONSTANT_CONVERSION = YES;
				CLANG_WARN_DIRECT_OBJC_ISA_USAGE = YES_ERROR;
				CLANG_WARN_EMPTY_BODY = YES;
				CLANG_WARN_ENUM_CONVERSION = YES;
				CLANG_WARN_INT_CONVERSION = YES;
				CLANG_WARN_OBJC_ROOT_CLASS = YES_ERROR;
				CLANG_WARN_UNREACHABLE_CODE = YES;
				CLANG_WARN__DUPLICATE_METHOD_MATCH = YES;
				"CODE_SIGN_IDENTITY[sdk=iphoneos*]" = "iPhone Developer";
				COPY_PHASE_STRIP = NO;
				ENABLE_STRICT_OBJC_MSGSEND = YES;
				GCC_C_LANGUAGE_STANDARD = gnu99;
				GCC_DYNAMIC_NO_PIC = NO;
				GCC_OPTIMIZATION_LEVEL = 0;
				GCC_PREPROCESSOR_DEFINITIONS = (
					"DEBUG=1",
					"$(inherited)",
				);
				GCC_SYMBOLS_PRIVATE_EXTERN = NO;
				GCC_WARN_64_TO_32_BIT_CONVERSION = YES;
				GCC_WARN_ABOUT_RETURN_TYPE = YES_ERROR;
				GCC_WARN_UNDECLARED_SELECTOR = YES;
				GCC_WARN_UNINITIALIZED_AUTOS = YES_AGGRESSIVE;
				GCC_WARN_UNUSED_FUNCTION = YES;
				GCC_WARN_UNUSED_VARIABLE = YES;
				IPHONEOS_DEPLOYMENT_TARGET = 8.1;
				MTL_ENABLE_DEBUG_INFO = YES;
				ONLY_ACTIVE_ARCH = YES;
				SDKROOT = iphoneos;
				SWIFT_OPTIMIZATION_LEVEL = "-Onone";
				TARGETED_DEVICE_FAMILY = "1,2";
			};
			name = Debug;
		};
		C48D5B391A495B2A00F0F14C /* Release */ = {
			isa = XCBuildConfiguration;
			buildSettings = {
				ALWAYS_SEARCH_USER_PATHS = NO;
				CLANG_CXX_LANGUAGE_STANDARD = "gnu++0x";
				CLANG_CXX_LIBRARY = "libc++";
				CLANG_ENABLE_MODULES = YES;
				CLANG_ENABLE_OBJC_ARC = YES;
				CLANG_WARN_BOOL_CONVERSION = YES;
				CLANG_WARN_CONSTANT_CONVERSION = YES;
				CLANG_WARN_DIRECT_OBJC_ISA_USAGE = YES_ERROR;
				CLANG_WARN_EMPTY_BODY = YES;
				CLANG_WARN_ENUM_CONVERSION = YES;
				CLANG_WARN_INT_CONVERSION = YES;
				CLANG_WARN_OBJC_ROOT_CLASS = YES_ERROR;
				CLANG_WARN_UNREACHABLE_CODE = YES;
				CLANG_WARN__DUPLICATE_METHOD_MATCH = YES;
				"CODE_SIGN_IDENTITY[sdk=iphoneos*]" = "iPhone Developer";
				COPY_PHASE_STRIP = YES;
				ENABLE_NS_ASSERTIONS = NO;
				ENABLE_STRICT_OBJC_MSGSEND = YES;
				GCC_C_LANGUAGE_STANDARD = gnu99;
				GCC_WARN_64_TO_32_BIT_CONVERSION = YES;
				GCC_WARN_ABOUT_RETURN_TYPE = YES_ERROR;
				GCC_WARN_UNDECLARED_SELECTOR = YES;
				GCC_WARN_UNINITIALIZED_AUTOS = YES_AGGRESSIVE;
				GCC_WARN_UNUSED_FUNCTION = YES;
				GCC_WARN_UNUSED_VARIABLE = YES;
				IPHONEOS_DEPLOYMENT_TARGET = 8.1;
				MTL_ENABLE_DEBUG_INFO = NO;
				SDKROOT = iphoneos;
				TARGETED_DEVICE_FAMILY = "1,2";
				VALIDATE_PRODUCT = YES;
			};
			name = Release;
		};
		C48D5B3B1A495B2A00F0F14C /* Debug */ = {
			isa = XCBuildConfiguration;
			buildSettings = {
				ASSETCATALOG_COMPILER_APPICON_NAME = AppIcon;
				INFOPLIST_FILE = "Emoji-IME/Info.plist";
				LD_RUNPATH_SEARCH_PATHS = "$(inherited) @executable_path/Frameworks";
				PRODUCT_NAME = "$(TARGET_NAME)";
			};
			name = Debug;
		};
		C48D5B3C1A495B2A00F0F14C /* Release */ = {
			isa = XCBuildConfiguration;
			buildSettings = {
				ASSETCATALOG_COMPILER_APPICON_NAME = AppIcon;
				INFOPLIST_FILE = "Emoji-IME/Info.plist";
				LD_RUNPATH_SEARCH_PATHS = "$(inherited) @executable_path/Frameworks";
				PRODUCT_NAME = "$(TARGET_NAME)";
			};
			name = Release;
		};
		C48D5B3E1A495B2A00F0F14C /* Debug */ = {
			isa = XCBuildConfiguration;
			buildSettings = {
				BUNDLE_LOADER = "$(TEST_HOST)";
				FRAMEWORK_SEARCH_PATHS = (
					"$(SDKROOT)/Developer/Library/Frameworks",
					"$(inherited)",
				);
				GCC_PREPROCESSOR_DEFINITIONS = (
					"DEBUG=1",
					"$(inherited)",
				);
				INFOPLIST_FILE = "Emoji-IMETests/Info.plist";
				LD_RUNPATH_SEARCH_PATHS = "$(inherited) @executable_path/Frameworks @loader_path/Frameworks";
				PRODUCT_NAME = "$(TARGET_NAME)";
				TEST_HOST = "$(BUILT_PRODUCTS_DIR)/Emoji-IME.app/Emoji-IME";
			};
			name = Debug;
		};
		C48D5B3F1A495B2A00F0F14C /* Release */ = {
			isa = XCBuildConfiguration;
			buildSettings = {
				BUNDLE_LOADER = "$(TEST_HOST)";
				FRAMEWORK_SEARCH_PATHS = (
					"$(SDKROOT)/Developer/Library/Frameworks",
					"$(inherited)",
				);
				INFOPLIST_FILE = "Emoji-IMETests/Info.plist";
				LD_RUNPATH_SEARCH_PATHS = "$(inherited) @executable_path/Frameworks @loader_path/Frameworks";
				PRODUCT_NAME = "$(TARGET_NAME)";
				TEST_HOST = "$(BUILT_PRODUCTS_DIR)/Emoji-IME.app/Emoji-IME";
			};
			name = Release;
		};
/* End XCBuildConfiguration section */

/* Begin XCConfigurationList section */
		C48D5B161A495B2A00F0F14C /* Build configuration list for PBXProject "Emoji-IME" */ = {
			isa = XCConfigurationList;
			buildConfigurations = (
				C48D5B381A495B2A00F0F14C /* Debug */,
				C48D5B391A495B2A00F0F14C /* Release */,
			);
			defaultConfigurationIsVisible = 0;
			defaultConfigurationName = Release;
		};
		C48D5B3A1A495B2A00F0F14C /* Build configuration list for PBXNativeTarget "Emoji-IME" */ = {
			isa = XCConfigurationList;
			buildConfigurations = (
				C48D5B3B1A495B2A00F0F14C /* Debug */,
				C48D5B3C1A495B2A00F0F14C /* Release */,
			);
			defaultConfigurationIsVisible = 0;
		};
		C48D5B3D1A495B2A00F0F14C /* Build configuration list for PBXNativeTarget "Emoji-IMETests" */ = {
			isa = XCConfigurationList;
			buildConfigurations = (
				C48D5B3E1A495B2A00F0F14C /* Debug */,
				C48D5B3F1A495B2A00F0F14C /* Release */,
			);
			defaultConfigurationIsVisible = 0;
		};
/* End XCConfigurationList section */
	};
	rootObject = C48D5B131A495B2A00F0F14C /* Project object */;
}
